<?xml version="1.0" encoding="utf-8"?>
<Project ToolsVersion="16.0" xmlns="http://schemas.microsoft.com/developer/msbuild/2003">
  <ItemGroup>
    <ClCompile Include="D:\AAAAAA Game Engine fun\xcube\src\demo\Main.cpp">
      <Filter>Source Files</Filter>
    </ClCompile>
    <ClCompile Include="D:\AAAAAA Game Engine fun\xcube\src\demo\MyGame.cpp">
      <Filter>Source Files</Filter>
    </ClCompile>
    <ClCompile Include="D:\AAAAAA Game Engine fun\xcube\src\engine\AbstractGame.cpp">
      <Filter>Source Files</Filter>
    </ClCompile>
    <ClCompile Include="D:\AAAAAA Game Engine fun\xcube\src\engine\AudioEngine.cpp">
      <Filter>Source Files</Filter>
    </ClCompile>
    <ClCompile Include="D:\AAAAAA Game Engine fun\xcube\src\engine\EventEngine.cpp">
      <Filter>Source Files</Filter>
    </ClCompile>
    <ClCompile Include="D:\AAAAAA Game Engine fun\xcube\src\engine\GraphicsEngine.cpp">
      <Filter>Source Files</Filter>
    </ClCompile>
    <ClCompile Include="D:\AAAAAA Game Engine fun\xcube\src\engine\PhysicsEngine.cpp">
      <Filter>Source Files</Filter>
    </ClCompile>
    <ClCompile Include="D:\AAAAAA Game Engine fun\xcube\src\engine\ResourceManager.cpp">
      <Filter>Source Files</Filter>
    </ClCompile>
    <ClCompile Include="D:\AAAAAA Game Engine fun\xcube\src\engine\Timer.cpp">
      <Filter>Source Files</Filter>
    </ClCompile>
    <ClCompile Include="D:\AAAAAA Game Engine fun\xcube\src\engine\XCube2d.cpp">
      <Filter>Source Files</Filter>
    </ClCompile>
    <ClCompile Include="D:\AAAAAA Game Engine fun\xcube\src\engine\custom\MyEngineSystem.cpp">
      <Filter>Source Files</Filter>
    </ClCompile>
  </ItemGroup>
  <ItemGroup>
    <ClInclude Include="D:\AAAAAA Game Engine fun\xcube\src\demo\MyGame.h">
      <Filter>Header Files</Filter>
    </ClInclude>
    <ClInclude Include="D:\AAAAAA Game Engine fun\xcube\src\engine\AbstractGame.h">
      <Filter>Header Files</Filter>
    </ClInclude>
    <ClInclude Include="D:\AAAAAA Game Engine fun\xcube\src\engine\AudioEngine.h">
      <Filter>Header Files</Filter>
    </ClInclude>
    <ClInclude Include="D:\AAAAAA Game Engine fun\xcube\src\engine\EngineCommon.h">
      <Filter>Header Files</Filter>
    </ClInclude>
    <ClInclude Include="D:\AAAAAA Game Engine fun\xcube\src\engine\EventEngine.h">
      <Filter>Header Files</Filter>
    </ClInclude>
    <ClInclude Include="D:\AAAAAA Game Engine fun\xcube\src\engine\GameMath.h">
      <Filter>Header Files</Filter>
    </ClInclude>
    <ClInclude Include="D:\AAAAAA Game Engine fun\xcube\src\engine\GraphicsEngine.h">
      <Filter>Header Files</Filter>
    </ClInclude>
    <ClInclude Include="D:\AAAAAA Game Engine fun\xcube\src\engine\PhysicsEngine.h">
      <Filter>Header Files</Filter>
    </ClInclude>
    <ClInclude Include="D:\AAAAAA Game Engine fun\xcube\src\engine\ResourceManager.h">
      <Filter>Header Files</Filter>
    </ClInclude>
    <ClInclude Include="D:\AAAAAA Game Engine fun\xcube\src\engine\Timer.h">
      <Filter>Header Files</Filter>
    </ClInclude>
    <ClInclude Include="D:\AAAAAA Game Engine fun\xcube\src\engine\XCube2d.h">
      <Filter>Header Files</Filter>
    </ClInclude>
    <ClInclude Include="D:\AAAAAA Game Engine fun\xcube\src\engine\custom\MyEngineSystem.h">
      <Filter>Header Files</Filter>
    </ClInclude>
  </ItemGroup>
  <ItemGroup>
    <CustomBuild Include="D:\AAAAAA Game Engine fun\xcube\CMakeLists.txt" />
  </ItemGroup>
  <ItemGroup>
    <Filter Include="Header Files">
      <UniqueIdentifier>{4CCBC0BC-4F41-36FA-95BE-F265CAF238A8}</UniqueIdentifier>
    </Filter>
    <Filter Include="Source Files">
      <UniqueIdentifier>{88F4A0F9-5BFA-3B7B-9222-5849056EB3E1}</UniqueIdentifier>
    </Filter>
  </ItemGroup>
</Project>
